
Microsoft Visual Studio Solution File, Format Version 11.00
# Visual Studio 2010
Project("{FAE04EC0-301F-11D3-BF4B-00C04F79EFBC}") = "vaporwave", "Assembly-CSharp.csproj", "{22CCE0B4-2922-31A4-F491-A148B49808B6}"
EndProject
Project("{FAE04EC0-301F-11D3-BF4B-00C04F79EFBC}") = "vaporwave", "Assembly-CSharp-Editor.csproj", "{977DB8CC-1224-2A48-A6C1-BDDE629B9913}"
EndProject
Global
	GlobalSection(SolutionConfigurationPlatforms) = preSolution
		Debug|Any CPU = Debug|Any CPU
		Release|Any CPU = Release|Any CPU
	EndGlobalSection
	GlobalSection(ProjectConfigurationPlatforms) = postSolution
		{22CCE0B4-2922-31A4-F491-A148B49808B6}.Debug|Any CPU.ActiveCfg = Debug|Any CPU
		{22CCE0B4-2922-31A4-F491-A148B49808B6}.Debug|Any CPU.Build.0 = Debug|Any CPU
		{22CCE0B4-2922-31A4-F491-A148B49808B6}.Release|Any CPU.ActiveCfg = Release|Any CPU
		{22CCE0B4-2922-31A4-F491-A148B49808B6}.Release|Any CPU.Build.0 = Release|Any CPU
		{977DB8CC-1224-2A48-A6C1-BDDE629B9913}.Debug|Any CPU.ActiveCfg = Debug|Any CPU
		{977DB8CC-1224-2A48-A6C1-BDDE629B9913}.Debug|Any CPU.Build.0 = Debug|Any CPU
		{977DB8CC-1224-2A48-A6C1-BDDE629B9913}.Release|Any CPU.ActiveCfg = Release|Any CPU
		{977DB8CC-1224-2A48-A6C1-BDDE629B9913}.Release|Any CPU.Build.0 = Release|Any CPU
	EndGlobalSection
	GlobalSection(SolutionProperties) = preSolution
		HideSolutionNode = FALSE
	EndGlobalSection
	GlobalSection(MonoDevelopProperties) = preSolution
		StartupItem = Assembly-CSharp.csproj
	EndGlobalSection
EndGlobal
